// !$*UTF8*$!
{
	archiveVersion = 1;
	classes = {
	};
	objectVersion = 56;
	objects = {

/* Begin PBXBuildFile section */
		5C3EE6C429C1595300690B6B /* AppDelegate.swift in Sources */ = {isa = PBXBuildFile; fileRef = 5C3EE6C329C1595300690B6B /* AppDelegate.swift */; };
		5C3EE6C629C1595300690B6B /* SceneDelegate.swift in Sources */ = {isa = PBXBuildFile; fileRef = 5C3EE6C529C1595300690B6B /* SceneDelegate.swift */; };
		5C3EE6C829C1595300690B6B /* ViewController.swift in Sources */ = {isa = PBXBuildFile; fileRef = 5C3EE6C729C1595300690B6B /* ViewController.swift */; };
		5C3EE6CB29C1595300690B6B /* Main.storyboard in Resources */ = {isa = PBXBuildFile; fileRef = 5C3EE6C929C1595300690B6B /* Main.storyboard */; };
		5C3EE6CD29C1595400690B6B /* Assets.xcassets in Resources */ = {isa = PBXBuildFile; fileRef = 5C3EE6CC29C1595400690B6B /* Assets.xcassets */; };
		5C3EE6D029C1595400690B6B /* LaunchScreen.storyboard in Resources */ = {isa = PBXBuildFile; fileRef = 5C3EE6CE29C1595400690B6B /* LaunchScreen.storyboard */; };
		5C3EE6DB29C1595500690B6B /* MultipleRootViewTests.swift in Sources */ = {isa = PBXBuildFile; fileRef = 5C3EE6DA29C1595500690B6B /* MultipleRootViewTests.swift */; };
		5C3EE6E529C1595500690B6B /* MultipleRootViewUITests.swift in Sources */ = {isa = PBXBuildFile; fileRef = 5C3EE6E429C1595500690B6B /* MultipleRootViewUITests.swift */; };
		5C3EE6E729C1595500690B6B /* MultipleRootViewUITestsLaunchTests.swift in Sources */ = {isa = PBXBuildFile; fileRef = 5C3EE6E629C1595500690B6B /* MultipleRootViewUITestsLaunchTests.swift */; };
		5C3EE6F429C15C4100690B6B /* RBGViewController.swift in Sources */ = {isa = PBXBuildFile; fileRef = 5C3EE6F329C15C4100690B6B /* RBGViewController.swift */; };
		5C3EE6F829C15C6E00690B6B /* CMYKViewController.swift in Sources */ = {isa = PBXBuildFile; fileRef = 5C3EE6F729C15C6E00690B6B /* CMYKViewController.swift */; };
		5C3EE6FA29C15CB900690B6B /* CommonColorViewController.swift in Sources */ = {isa = PBXBuildFile; fileRef = 5C3EE6F929C15CB900690B6B /* CommonColorViewController.swift */; };
		5C3EE6FC29C162E800690B6B /* Print.swift in Sources */ = {isa = PBXBuildFile; fileRef = 5C3EE6FB29C162E800690B6B /* Print.swift */; };
		5C3EE6FE29C1831B00690B6B /* HiddenNavigationController.swift in Sources */ = {isa = PBXBuildFile; fileRef = 5C3EE6FD29C1831B00690B6B /* HiddenNavigationController.swift */; };
		5C3EE70029C1838600690B6B /* ColorChildViewController.swift in Sources */ = {isa = PBXBuildFile; fileRef = 5C3EE6FF29C1838600690B6B /* ColorChildViewController.swift */; };
		5C3EE70329C1879E00690B6B /* CommonColor.swift in Sources */ = {isa = PBXBuildFile; fileRef = 5C3EE70229C1879E00690B6B /* CommonColor.swift */; };
		5C3EE70529C18A4F00690B6B /* RootNaviRequestable.swift in Sources */ = {isa = PBXBuildFile; fileRef = 5C3EE70429C18A4F00690B6B /* RootNaviRequestable.swift */; };
/* End PBXBuildFile section */

/* Begin PBXContainerItemProxy section */
		5C3EE6D729C1595500690B6B /* PBXContainerItemProxy */ = {
			isa = PBXContainerItemProxy;
			containerPortal = 5C3EE6B829C1595300690B6B /* Project object */;
			proxyType = 1;
			remoteGlobalIDString = 5C3EE6BF29C1595300690B6B;
			remoteInfo = MultipleRootView;
		};
		5C3EE6E129C1595500690B6B /* PBXContainerItemProxy */ = {
			isa = PBXContainerItemProxy;
			containerPortal = 5C3EE6B829C1595300690B6B /* Project object */;
			proxyType = 1;
			remoteGlobalIDString = 5C3EE6BF29C1595300690B6B;
			remoteInfo = MultipleRootView;
		};
/* End PBXContainerItemProxy section */

/* Begin PBXFileReference section */
		5C3EE6C029C1595300690B6B /* MultipleRootView.app */ = {isa = PBXFileReference; explicitFileType = wrapper.application; includeInIndex = 0; path = MultipleRootView.app; sourceTree = BUILT_PRODUCTS_DIR; };
		5C3EE6C329C1595300690B6B /* AppDelegate.swift */ = {isa = PBXFileReference; lastKnownFileType = sourcecode.swift; path = AppDelegate.swift; sourceTree = "<group>"; };
		5C3EE6C529C1595300690B6B /* SceneDelegate.swift */ = {isa = PBXFileReference; lastKnownFileType = sourcecode.swift; path = SceneDelegate.swift; sourceTree = "<group>"; };
		5C3EE6C729C1595300690B6B /* ViewController.swift */ = {isa = PBXFileReference; lastKnownFileType = sourcecode.swift; path = ViewController.swift; sourceTree = "<group>"; };
		5C3EE6CA29C1595300690B6B /* Base */ = {isa = PBXFileReference; lastKnownFileType = file.storyboard; name = Base; path = Base.lproj/Main.storyboard; sourceTree = "<group>"; };
		5C3EE6CC29C1595400690B6B /* Assets.xcassets */ = {isa = PBXFileReference; lastKnownFileType = folder.assetcatalog; path = Assets.xcassets; sourceTree = "<group>"; };
		5C3EE6CF29C1595400690B6B /* Base */ = {isa = PBXFileReference; lastKnownFileType = file.storyboard; name = Base; path = Base.lproj/LaunchScreen.storyboard; sourceTree = "<group>"; };
		5C3EE6D129C1595400690B6B /* Info.plist */ = {isa = PBXFileReference; lastKnownFileType = text.plist.xml; path = Info.plist; sourceTree = "<group>"; };
		5C3EE6D629C1595500690B6B /* MultipleRootViewTests.xctest */ = {isa = PBXFileReference; explicitFileType = wrapper.cfbundle; includeInIndex = 0; path = MultipleRootViewTests.xctest; sourceTree = BUILT_PRODUCTS_DIR; };
		5C3EE6DA29C1595500690B6B /* MultipleRootViewTests.swift */ = {isa = PBXFileReference; lastKnownFileType = sourcecode.swift; path = MultipleRootViewTests.swift; sourceTree = "<group>"; };
		5C3EE6E029C1595500690B6B /* MultipleRootViewUITests.xctest */ = {isa = PBXFileReference; explicitFileType = wrapper.cfbundle; includeInIndex = 0; path = MultipleRootViewUITests.xctest; sourceTree = BUILT_PRODUCTS_DIR; };
		5C3EE6E429C1595500690B6B /* MultipleRootViewUITests.swift */ = {isa = PBXFileReference; lastKnownFileType = sourcecode.swift; path = MultipleRootViewUITests.swift; sourceTree = "<group>"; };
		5C3EE6E629C1595500690B6B /* MultipleRootViewUITestsLaunchTests.swift */ = {isa = PBXFileReference; lastKnownFileType = sourcecode.swift; path = MultipleRootViewUITestsLaunchTests.swift; sourceTree = "<group>"; };
		5C3EE6F329C15C4100690B6B /* RBGViewController.swift */ = {isa = PBXFileReference; lastKnownFileType = sourcecode.swift; path = RBGViewController.swift; sourceTree = "<group>"; };
		5C3EE6F729C15C6E00690B6B /* CMYKViewController.swift */ = {isa = PBXFileReference; lastKnownFileType = sourcecode.swift; path = CMYKViewController.swift; sourceTree = "<group>"; };
		5C3EE6F929C15CB900690B6B /* CommonColorViewController.swift */ = {isa = PBXFileReference; lastKnownFileType = sourcecode.swift; path = CommonColorViewController.swift; sourceTree = "<group>"; };
		5C3EE6FB29C162E800690B6B /* Print.swift */ = {isa = PBXFileReference; lastKnownFileType = sourcecode.swift; path = Print.swift; sourceTree = "<group>"; };
		5C3EE6FD29C1831B00690B6B /* HiddenNavigationController.swift */ = {isa = PBXFileReference; lastKnownFileType = sourcecode.swift; path = HiddenNavigationController.swift; sourceTree = "<group>"; };
		5C3EE6FF29C1838600690B6B /* ColorChildViewController.swift */ = {isa = PBXFileReference; lastKnownFileType = sourcecode.swift; path = ColorChildViewController.swift; sourceTree = "<group>"; };
		5C3EE70229C1879E00690B6B /* CommonColor.swift */ = {isa = PBXFileReference; lastKnownFileType = sourcecode.swift; path = CommonColor.swift; sourceTree = "<group>"; };
		5C3EE70429C18A4F00690B6B /* RootNaviRequestable.swift */ = {isa = PBXFileReference; lastKnownFileType = sourcecode.swift; path = RootNaviRequestable.swift; sourceTree = "<group>"; };
/* End PBXFileReference section */

/* Begin PBXFrameworksBuildPhase section */
		5C3EE6BD29C1595300690B6B /* Frameworks */ = {
			isa = PBXFrameworksBuildPhase;
			buildActionMask = 2147483647;
			files = (
			);
			runOnlyForDeploymentPostprocessing = 0;
		};
		5C3EE6D329C1595500690B6B /* Frameworks */ = {
			isa = PBXFrameworksBuildPhase;
			buildActionMask = 2147483647;
			files = (
			);
			runOnlyForDeploymentPostprocessing = 0;
		};
		5C3EE6DD29C1595500690B6B /* Frameworks */ = {
			isa = PBXFrameworksBuildPhase;
			buildActionMask = 2147483647;
			files = (
			);
			runOnlyForDeploymentPostprocessing = 0;
		};
/* End PBXFrameworksBuildPhase section */

/* Begin PBXGroup section */
		5C3EE6B729C1595300690B6B = {
			isa = PBXGroup;
			children = (
				5C3EE6C229C1595300690B6B /* MultipleRootView */,
				5C3EE6D929C1595500690B6B /* MultipleRootViewTests */,
				5C3EE6E329C1595500690B6B /* MultipleRootViewUITests */,
				5C3EE6C129C1595300690B6B /* Products */,
			);
			sourceTree = "<group>";
		};
		5C3EE6C129C1595300690B6B /* Products */ = {
			isa = PBXGroup;
			children = (
				5C3EE6C029C1595300690B6B /* MultipleRootView.app */,
				5C3EE6D629C1595500690B6B /* MultipleRootViewTests.xctest */,
				5C3EE6E029C1595500690B6B /* MultipleRootViewUITests.xctest */,
			);
			name = Products;
			sourceTree = "<group>";
		};
		5C3EE6C229C1595300690B6B /* MultipleRootView */ = {
			isa = PBXGroup;
			children = (
				5C3EE70129C186F500690B6B /* CommonViews */,
				5C3EE6F629C15C5B00690B6B /* CMYKView */,
				5C3EE6F529C15C4F00690B6B /* RGBView */,
				5C3EE6C329C1595300690B6B /* AppDelegate.swift */,
				5C3EE6C529C1595300690B6B /* SceneDelegate.swift */,
				5C3EE6C729C1595300690B6B /* ViewController.swift */,
				5C3EE6FB29C162E800690B6B /* Print.swift */,
				5C3EE70229C1879E00690B6B /* CommonColor.swift */,
				5C3EE70429C18A4F00690B6B /* RootNaviRequestable.swift */,
				5C3EE6C929C1595300690B6B /* Main.storyboard */,
				5C3EE6CC29C1595400690B6B /* Assets.xcassets */,
				5C3EE6CE29C1595400690B6B /* LaunchScreen.storyboard */,
				5C3EE6D129C1595400690B6B /* Info.plist */,
			);
			path = MultipleRootView;
			sourceTree = "<group>";
		};
		5C3EE6D929C1595500690B6B /* MultipleRootViewTests */ = {
			isa = PBXGroup;
			children = (
				5C3EE6DA29C1595500690B6B /* MultipleRootViewTests.swift */,
			);
			path = MultipleRootViewTests;
			sourceTree = "<group>";
		};
		5C3EE6E329C1595500690B6B /* MultipleRootViewUITests */ = {
			isa = PBXGroup;
			children = (
				5C3EE6E429C1595500690B6B /* MultipleRootViewUITests.swift */,
				5C3EE6E629C1595500690B6B /* MultipleRootViewUITestsLaunchTests.swift */,
			);
			path = MultipleRootViewUITests;
			sourceTree = "<group>";
		};
		5C3EE6F529C15C4F00690B6B /* RGBView */ = {
			isa = PBXGroup;
			children = (
				5C3EE6F329C15C4100690B6B /* RBGViewController.swift */,
			);
			path = RGBView;
			sourceTree = "<group>";
		};
		5C3EE6F629C15C5B00690B6B /* CMYKView */ = {
			isa = PBXGroup;
			children = (
				5C3EE6F729C15C6E00690B6B /* CMYKViewController.swift */,
			);
			path = CMYKView;
			sourceTree = "<group>";
		};
		5C3EE70129C186F500690B6B /* CommonViews */ = {
			isa = PBXGroup;
			children = (
				5C3EE6F929C15CB900690B6B /* CommonColorViewController.swift */,
				5C3EE6FD29C1831B00690B6B /* HiddenNavigationController.swift */,
				5C3EE6FF29C1838600690B6B /* ColorChildViewController.swift */,
			);
			path = CommonViews;
			sourceTree = "<group>";
		};
/* End PBXGroup section */

/* Begin PBXNativeTarget section */
		5C3EE6BF29C1595300690B6B /* MultipleRootView */ = {
			isa = PBXNativeTarget;
			buildConfigurationList = 5C3EE6EA29C1595500690B6B /* Build configuration list for PBXNativeTarget "MultipleRootView" */;
			buildPhases = (
				5C3EE6BC29C1595300690B6B /* Sources */,
				5C3EE6BD29C1595300690B6B /* Frameworks */,
				5C3EE6BE29C1595300690B6B /* Resources */,
			);
			buildRules = (
			);
			dependencies = (
			);
			name = MultipleRootView;
			productName = MultipleRootView;
			productReference = 5C3EE6C029C1595300690B6B /* MultipleRootView.app */;
			productType = "com.apple.product-type.application";
		};
		5C3EE6D529C1595500690B6B /* MultipleRootViewTests */ = {
			isa = PBXNativeTarget;
			buildConfigurationList = 5C3EE6ED29C1595500690B6B /* Build configuration list for PBXNativeTarget "MultipleRootViewTests" */;
			buildPhases = (
				5C3EE6D229C1595500690B6B /* Sources */,
				5C3EE6D329C1595500690B6B /* Frameworks */,
				5C3EE6D429C1595500690B6B /* Resources */,
			);
			buildRules = (
			);
			dependencies = (
				5C3EE6D829C1595500690B6B /* PBXTargetDependency */,
			);
			name = MultipleRootViewTests;
			productName = MultipleRootViewTests;
			productReference = 5C3EE6D629C1595500690B6B /* MultipleRootViewTests.xctest */;
			productType = "com.apple.product-type.bundle.unit-test";
		};
		5C3EE6DF29C1595500690B6B /* MultipleRootViewUITests */ = {
			isa = PBXNativeTarget;
			buildConfigurationList = 5C3EE6F029C1595500690B6B /* Build configuration list for PBXNativeTarget "MultipleRootViewUITests" */;
			buildPhases = (
				5C3EE6DC29C1595500690B6B /* Sources */,
				5C3EE6DD29C1595500690B6B /* Frameworks */,
				5C3EE6DE29C1595500690B6B /* Resources */,
			);
			buildRules = (
			);
			dependencies = (
				5C3EE6E229C1595500690B6B /* PBXTargetDependency */,
			);
			name = MultipleRootViewUITests;
			productName = MultipleRootViewUITests;
			productReference = 5C3EE6E029C1595500690B6B /* MultipleRootViewUITests.xctest */;
			productType = "com.apple.product-type.bundle.ui-testing";
		};
/* End PBXNativeTarget section */

/* Begin PBXProject section */
		5C3EE6B829C1595300690B6B /* Project object */ = {
			isa = PBXProject;
			attributes = {
				BuildIndependentTargetsInParallel = 1;
				LastSwiftUpdateCheck = 1420;
				LastUpgradeCheck = 1420;
				TargetAttributes = {
					5C3EE6BF29C1595300690B6B = {
						CreatedOnToolsVersion = 14.2;
					};
					5C3EE6D529C1595500690B6B = {
						CreatedOnToolsVersion = 14.2;
						TestTargetID = 5C3EE6BF29C1595300690B6B;
					};
					5C3EE6DF29C1595500690B6B = {
						CreatedOnToolsVersion = 14.2;
						TestTargetID = 5C3EE6BF29C1595300690B6B;
					};
				};
			};
			buildConfigurationList = 5C3EE6BB29C1595300690B6B /* Build configuration list for PBXProject "MultipleRootView" */;
			compatibilityVersion = "Xcode 14.0";
			developmentRegion = en;
			hasScannedForEncodings = 0;
			knownRegions = (
				en,
				Base,
			);
			mainGroup = 5C3EE6B729C1595300690B6B;
			productRefGroup = 5C3EE6C129C1595300690B6B /* Products */;
			projectDirPath = "";
			projectRoot = "";
			targets = (
				5C3EE6BF29C1595300690B6B /* MultipleRootView */,
				5C3EE6D529C1595500690B6B /* MultipleRootViewTests */,
				5C3EE6DF29C1595500690B6B /* MultipleRootViewUITests */,
			);
		};
/* End PBXProject section */

/* Begin PBXResourcesBuildPhase section */
		5C3EE6BE29C1595300690B6B /* Resources */ = {
			isa = PBXResourcesBuildPhase;
			buildActionMask = 2147483647;
			files = (
				5C3EE6D029C1595400690B6B /* LaunchScreen.storyboard in Resources */,
				5C3EE6CD29C1595400690B6B /* Assets.xcassets in Resources */,
				5C3EE6CB29C1595300690B6B /* Main.storyboard in Resources */,
			);
			runOnlyForDeploymentPostprocessing = 0;
		};
		5C3EE6D429C1595500690B6B /* Resources */ = {
			isa = PBXResourcesBuildPhase;
			buildActionMask = 2147483647;
			files = (
			);
			runOnlyForDeploymentPostprocessing = 0;
		};
		5C3EE6DE29C1595500690B6B /* Resources */ = {
			isa = PBXResourcesBuildPhase;
			buildActionMask = 2147483647;
			files = (
			);
			runOnlyForDeploymentPostprocessing = 0;
		};
/* End PBXResourcesBuildPhase section */

/* Begin PBXSourcesBuildPhase section */
		5C3EE6BC29C1595300690B6B /* Sources */ = {
			isa = PBXSourcesBuildPhase;
			buildActionMask = 2147483647;
			files = (
				5C3EE6F429C15C4100690B6B /* RBGViewController.swift in Sources */,
				5C3EE6C829C1595300690B6B /* ViewController.swift in Sources */,
				5C3EE6FC29C162E800690B6B /* Print.swift in Sources */,
				5C3EE6F829C15C6E00690B6B /* CMYKViewController.swift in Sources */,
				5C3EE70329C1879E00690B6B /* CommonColor.swift in Sources */,
				5C3EE6FA29C15CB900690B6B /* CommonColorViewController.swift in Sources */,
				5C3EE6C429C1595300690B6B /* AppDelegate.swift in Sources */,
				5C3EE6FE29C1831B00690B6B /* HiddenNavigationController.swift in Sources */,
				5C3EE6C629C1595300690B6B /* SceneDelegate.swift in Sources */,
				5C3EE70529C18A4F00690B6B /* RootNaviRequestable.swift in Sources */,
				5C3EE70029C1838600690B6B /* ColorChildViewController.swift in Sources */,
			);
			runOnlyForDeploymentPostprocessing = 0;
		};
		5C3EE6D229C1595500690B6B /* Sources */ = {
			isa = PBXSourcesBuildPhase;
			buildActionMask = 2147483647;
			files = (
				5C3EE6DB29C1595500690B6B /* MultipleRootViewTests.swift in Sources */,
			);
			runOnlyForDeploymentPostprocessing = 0;
		};
		5C3EE6DC29C1595500690B6B /* Sources */ = {
			isa = PBXSourcesBuildPhase;
			buildActionMask = 2147483647;
			files = (
				5C3EE6E529C1595500690B6B /* MultipleRootViewUITests.swift in Sources */,
				5C3EE6E729C1595500690B6B /* MultipleRootViewUITestsLaunchTests.swift in Sources */,
			);
			runOnlyForDeploymentPostprocessing = 0;
		};
/* End PBXSourcesBuildPhase section */

/* Begin PBXTargetDependency section */
		5C3EE6D829C1595500690B6B /* PBXTargetDependency */ = {
			isa = PBXTargetDependency;
			target = 5C3EE6BF29C1595300690B6B /* MultipleRootView */;
			targetProxy = 5C3EE6D729C1595500690B6B /* PBXContainerItemProxy */;
		};
		5C3EE6E229C1595500690B6B /* PBXTargetDependency */ = {
			isa = PBXTargetDependency;
			target = 5C3EE6BF29C1595300690B6B /* MultipleRootView */;
			targetProxy = 5C3EE6E129C1595500690B6B /* PBXContainerItemProxy */;
		};
/* End PBXTargetDependency section */

/* Begin PBXVariantGroup section */
		5C3EE6C929C1595300690B6B /* Main.storyboard */ = {
			isa = PBXVariantGroup;
			children = (
				5C3EE6CA29C1595300690B6B /* Base */,
			);
			name = Main.storyboard;
			sourceTree = "<group>";
		};
		5C3EE6CE29C1595400690B6B /* LaunchScreen.storyboard */ = {
			isa = PBXVariantGroup;
			children = (
				5C3EE6CF29C1595400690B6B /* Base */,
			);
			name = LaunchScreen.storyboard;
			sourceTree = "<group>";
		};
/* End PBXVariantGroup section */

/* Begin XCBuildConfiguration section */
		5C3EE6E829C1595500690B6B /* Debug */ = {
			isa = XCBuildConfiguration;
			buildSettings = {
				ALWAYS_SEARCH_USER_PATHS = NO;
				CLANG_ANALYZER_NONNULL = YES;
				CLANG_ANALYZER_NUMBER_OBJECT_CONVERSION = YES_AGGRESSIVE;
				CLANG_CXX_LANGUAGE_STANDARD = "gnu++20";
				CLANG_ENABLE_MODULES = YES;
				CLANG_ENABLE_OBJC_ARC = YES;
				CLANG_ENABLE_OBJC_WEAK = YES;
				CLANG_WARN_BLOCK_CAPTURE_AUTORELEASING = YES;
				CLANG_WARN_BOOL_CONVERSION = YES;
				CLANG_WARN_COMMA = YES;
				CLANG_WARN_CONSTANT_CONVERSION = YES;
				CLANG_WARN_DEPRECATED_OBJC_IMPLEMENTATIONS = YES;
				CLANG_WARN_DIRECT_OBJC_ISA_USAGE = YES_ERROR;
				CLANG_WARN_DOCUMENTATION_COMMENTS = YES;
				CLANG_WARN_EMPTY_BODY = YES;
				CLANG_WARN_ENUM_CONVERSION = YES;
				CLANG_WARN_INFINITE_RECURSION = YES;
				CLANG_WARN_INT_CONVERSION = YES;
				CLANG_WARN_NON_LITERAL_NULL_CONVERSION = YES;
				CLANG_WARN_OBJC_IMPLICIT_RETAIN_SELF = YES;
				CLANG_WARN_OBJC_LITERAL_CONVERSION = YES;
				CLANG_WARN_OBJC_ROOT_CLASS = YES_ERROR;
				CLANG_WARN_QUOTED_INCLUDE_IN_FRAMEWORK_HEADER = YES;
				CLANG_WARN_RANGE_LOOP_ANALYSIS = YES;
				CLANG_WARN_STRICT_PROTOTYPES = YES;
				CLANG_WARN_SUSPICIOUS_MOVE = YES;
				CLANG_WARN_UNGUARDED_AVAILABILITY = YES_AGGRESSIVE;
				CLANG_WARN_UNREACHABLE_CODE = YES;
				CLANG_WARN__DUPLICATE_METHOD_MATCH = YES;
				COPY_PHASE_STRIP = NO;
				DEBUG_INFORMATION_FORMAT = dwarf;
				ENABLE_STRICT_OBJC_MSGSEND = YES;
				ENABLE_TESTABILITY = YES;
				GCC_C_LANGUAGE_STANDARD = gnu11;
				GCC_DYNAMIC_NO_PIC = NO;
				GCC_NO_COMMON_BLOCKS = YES;
				GCC_OPTIMIZATION_LEVEL = 0;
				GCC_PREPROCESSOR_DEFINITIONS = (
					"DEBUG=1",
					"$(inherited)",
				);
				GCC_WARN_64_TO_32_BIT_CONVERSION = YES;
				GCC_WARN_ABOUT_RETURN_TYPE = YES_ERROR;
				GCC_WARN_UNDECLARED_SELECTOR = YES;
				GCC_WARN_UNINITIALIZED_AUTOS = YES_AGGRESSIVE;
				GCC_WARN_UNUSED_FUNCTION = YES;
				GCC_WARN_UNUSED_VARIABLE = YES;
				IPHONEOS_DEPLOYMENT_TARGET = 16.2;
				MTL_ENABLE_DEBUG_INFO = INCLUDE_SOURCE;
				MTL_FAST_MATH = YES;
				ONLY_ACTIVE_ARCH = YES;
				SDKROOT = iphoneos;
				SWIFT_ACTIVE_COMPILATION_CONDITIONS = DEBUG;
				SWIFT_OPTIMIZATION_LEVEL = "-Onone";
			};
			name = Debug;
		};
		5C3EE6E929C1595500690B6B /* Release */ = {
			isa = XCBuildConfiguration;
			buildSettings = {
				ALWAYS_SEARCH_USER_PATHS = NO;
				CLANG_ANALYZER_NONNULL = YES;
				CLANG_ANALYZER_NUMBER_OBJECT_CONVERSION = YES_AGGRESSIVE;
				CLANG_CXX_LANGUAGE_STANDARD = "gnu++20";
				CLANG_ENABLE_MODULES = YES;
				CLANG_ENABLE_OBJC_ARC = YES;
				CLANG_ENABLE_OBJC_WEAK = YES;
				CLANG_WARN_BLOCK_CAPTURE_AUTORELEASING = YES;
				CLANG_WARN_BOOL_CONVERSION = YES;
				CLANG_WARN_COMMA = YES;
				CLANG_WARN_CONSTANT_CONVERSION = YES;
				CLANG_WARN_DEPRECATED_OBJC_IMPLEMENTATIONS = YES;
				CLANG_WARN_DIRECT_OBJC_ISA_USAGE = YES_ERROR;
				CLANG_WARN_DOCUMENTATION_COMMENTS = YES;
				CLANG_WARN_EMPTY_BODY = YES;
				CLANG_WARN_ENUM_CONVERSION = YES;
				CLANG_WARN_INFINITE_RECURSION = YES;
				CLANG_WARN_INT_CONVERSION = YES;
				CLANG_WARN_NON_LITERAL_NULL_CONVERSION = YES;
				CLANG_WARN_OBJC_IMPLICIT_RETAIN_SELF = YES;
				CLANG_WARN_OBJC_LITERAL_CONVERSION = YES;
				CLANG_WARN_OBJC_ROOT_CLASS = YES_ERROR;
				CLANG_WARN_QUOTED_INCLUDE_IN_FRAMEWORK_HEADER = YES;
				CLANG_WARN_RANGE_LOOP_ANALYSIS = YES;
				CLANG_WARN_STRICT_PROTOTYPES = YES;
				CLANG_WARN_SUSPICIOUS_MOVE = YES;
				CLANG_WARN_UNGUARDED_AVAILABILITY = YES_AGGRESSIVE;
				CLANG_WARN_UNREACHABLE_CODE = YES;
				CLANG_WARN__DUPLICATE_METHOD_MATCH = YES;
				COPY_PHASE_STRIP = NO;
				DEBUG_INFORMATION_FORMAT = "dwarf-with-dsym";
				ENABLE_NS_ASSERTIONS = NO;
				ENABLE_STRICT_OBJC_MSGSEND = YES;
				GCC_C_LANGUAGE_STANDARD = gnu11;
				GCC_NO_COMMON_BLOCKS = YES;
				GCC_WARN_64_TO_32_BIT_CONVERSION = YES;
				GCC_WARN_ABOUT_RETURN_TYPE = YES_ERROR;
				GCC_WARN_UNDECLARED_SELECTOR = YES;
				GCC_WARN_UNINITIALIZED_AUTOS = YES_AGGRESSIVE;
				GCC_WARN_UNUSED_FUNCTION = YES;
				GCC_WARN_UNUSED_VARIABLE = YES;
				IPHONEOS_DEPLOYMENT_TARGET = 16.2;
				MTL_ENABLE_DEBUG_INFO = NO;
				MTL_FAST_MATH = YES;
				SDKROOT = iphoneos;
				SWIFT_COMPILATION_MODE = wholemodule;
				SWIFT_OPTIMIZATION_LEVEL = "-O";
				VALIDATE_PRODUCT = YES;
			};
			name = Release;
		};
		5C3EE6EB29C1595500690B6B /* Debug */ = {
			isa = XCBuildConfiguration;
			buildSettings = {
				ASSETCATALOG_COMPILER_APPICON_NAME = AppIcon;
				ASSETCATALOG_COMPILER_GLOBAL_ACCENT_COLOR_NAME = AccentColor;
				CODE_SIGN_STYLE = Automatic;
				CURRENT_PROJECT_VERSION = 1;
				DEVELOPMENT_TEAM = 6UUU4R8Z45;
				GENERATE_INFOPLIST_FILE = YES;
				INFOPLIST_FILE = MultipleRootView/Info.plist;
				INFOPLIST_KEY_UIApplicationSupportsIndirectInputEvents = YES;
				INFOPLIST_KEY_UILaunchStoryboardName = LaunchScreen;
				INFOPLIST_KEY_UIMainStoryboardFile = Main;
				INFOPLIST_KEY_UISupportedInterfaceOrientations = UIInterfaceOrientationPortrait;
				INFOPLIST_KEY_UISupportedInterfaceOrientations_iPad = "UIInterfaceOrientationPortrait UIInterfaceOrientationPortraitUpsideDown";
				LD_RUNPATH_SEARCH_PATHS = (
					"$(inherited)",
					"@executable_path/Frameworks",
				);
				MARKETING_VERSION = 1.0;
				PRODUCT_BUNDLE_IDENTIFIER = com.bonoogi.MultipleRootView;
				PRODUCT_NAME = "$(TARGET_NAME)";
				SWIFT_EMIT_LOC_STRINGS = YES;
				SWIFT_VERSION = 5.0;
				TARGETED_DEVICE_FAMILY = "1,2";
			};
			name = Debug;
		};
		5C3EE6EC29C1595500690B6B /* Release */ = {
			isa = XCBuildConfiguration;
			buildSettings = {
				ASSETCATALOG_COMPILER_APPICON_NAME = AppIcon;
				ASSETCATALOG_COMPILER_GLOBAL_ACCENT_COLOR_NAME = AccentColor;
				CODE_SIGN_STYLE = Automatic;
				CURRENT_PROJECT_VERSION = 1;
				DEVELOPMENT_TEAM = 6UUU4R8Z45;
				GENERATE_INFOPLIST_FILE = YES;
				INFOPLIST_FILE = MultipleRootView/Info.plist;
				INFOPLIST_KEY_UIApplicationSupportsIndirectInputEvents = YES;
				INFOPLIST_KEY_UILaunchStoryboardName = LaunchScreen;
				INFOPLIST_KEY_UIMainStoryboardFile = Main;
				INFOPLIST_KEY_UISupportedInterfaceOrientations = UIInterfaceOrientationPortrait;
				INFOPLIST_KEY_UISupportedInterfaceOrientations_iPad = "UIInterfaceOrientationPortrait UIInterfaceOrientationPortraitUpsideDown";
				LD_RUNPATH_SEARCH_PATHS = (
					"$(inherited)",
					"@executable_path/Frameworks",
				);
				MARKETING_VERSION = 1.0;
				PRODUCT_BUNDLE_IDENTIFIER = com.bonoogi.MultipleRootView;
				PRODUCT_NAME = "$(TARGET_NAME)";
				SWIFT_EMIT_LOC_STRINGS = YES;
				SWIFT_VERSION = 5.0;
				TARGETED_DEVICE_FAMILY = "1,2";
			};
			name = Release;
		};
		5C3EE6EE29C1595500690B6B /* Debug */ = {
			isa = XCBuildConfiguration;
			buildSettings = {
				ALWAYS_EMBED_SWIFT_STANDARD_LIBRARIES = YES;
				BUNDLE_LOADER = "$(TEST_HOST)";
				CODE_SIGN_STYLE = Automatic;
				CURRENT_PROJECT_VERSION = 1;
				DEVELOPMENT_TEAM = 6UUU4R8Z45;
				GENERATE_INFOPLIST_FILE = YES;
				IPHONEOS_DEPLOYMENT_TARGET = 16.2;
				MARKETING_VERSION = 1.0;
				PRODUCT_BUNDLE_IDENTIFIER = com.bonoogi.MultipleRootViewTests;
				PRODUCT_NAME = "$(TARGET_NAME)";
				SWIFT_EMIT_LOC_STRINGS = NO;
				SWIFT_VERSION = 5.0;
				TARGETED_DEVICE_FAMILY = "1,2";
				TEST_HOST = "$(BUILT_PRODUCTS_DIR)/MultipleRootView.app/$(BUNDLE_EXECUTABLE_FOLDER_PATH)/MultipleRootView";
			};
			name = Debug;
		};
		5C3EE6EF29C1595500690B6B /* Release */ = {
			isa = XCBuildConfiguration;
			buildSettings = {
				ALWAYS_EMBED_SWIFT_STANDARD_LIBRARIES = YES;
				BUNDLE_LOADER = "$(TEST_HOST)";
				CODE_SIGN_STYLE = Automatic;
				CURRENT_PROJECT_VERSION = 1;
				DEVELOPMENT_TEAM = 6UUU4R8Z45;
				GENERATE_INFOPLIST_FILE = YES;
				IPHONEOS_DEPLOYMENT_TARGET = 16.2;
				MARKETING_VERSION = 1.0;
				PRODUCT_BUNDLE_IDENTIFIER = com.bonoogi.MultipleRootViewTests;
				PRODUCT_NAME = "$(TARGET_NAME)";
				SWIFT_EMIT_LOC_STRINGS = NO;
				SWIFT_VERSION = 5.0;
				TARGETED_DEVICE_FAMILY = "1,2";
				TEST_HOST = "$(BUILT_PRODUCTS_DIR)/MultipleRootView.app/$(BUNDLE_EXECUTABLE_FOLDER_PATH)/MultipleRootView";
			};
			name = Release;
		};
		5C3EE6F129C1595500690B6B /* Debug */ = {
			isa = XCBuildConfiguration;
			buildSettings = {
				ALWAYS_EMBED_SWIFT_STANDARD_LIBRARIES = YES;
				CODE_SIGN_STYLE = Automatic;
				CURRENT_PROJECT_VERSION = 1;
				DEVELOPMENT_TEAM = 6UUU4R8Z45;
				GENERATE_INFOPLIST_FILE = YES;
				MARKETING_VERSION = 1.0;
				PRODUCT_BUNDLE_IDENTIFIER = com.bonoogi.MultipleRootViewUITests;
				PRODUCT_NAME = "$(TARGET_NAME)";
				SWIFT_EMIT_LOC_STRINGS = NO;
				SWIFT_VERSION = 5.0;
				TARGETED_DEVICE_FAMILY = "1,2";
				TEST_TARGET_NAME = MultipleRootView;
			};
			name = Debug;
		};
		5C3EE6F229C1595500690B6B /* Release */ = {
			isa = XCBuildConfiguration;
			buildSettings = {
				ALWAYS_EMBED_SWIFT_STANDARD_LIBRARIES = YES;
				CODE_SIGN_STYLE = Automatic;
				CURRENT_PROJECT_VERSION = 1;
				DEVELOPMENT_TEAM = 6UUU4R8Z45;
				GENERATE_INFOPLIST_FILE = YES;
				MARKETING_VERSION = 1.0;
				PRODUCT_BUNDLE_IDENTIFIER = com.bonoogi.MultipleRootViewUITests;
				PRODUCT_NAME = "$(TARGET_NAME)";
				SWIFT_EMIT_LOC_STRINGS = NO;
				SWIFT_VERSION = 5.0;
				TARGETED_DEVICE_FAMILY = "1,2";
				TEST_TARGET_NAME = MultipleRootView;
			};
			name = Release;
		};
/* End XCBuildConfiguration section */

/* Begin XCConfigurationList section */
		5C3EE6BB29C1595300690B6B /* Build configuration list for PBXProject "MultipleRootView" */ = {
			isa = XCConfigurationList;
			buildConfigurations = (
				5C3EE6E829C1595500690B6B /* Debug */,
				5C3EE6E929C1595500690B6B /* Release */,
			);
			defaultConfigurationIsVisible = 0;
			defaultConfigurationName = Release;
		};
		5C3EE6EA29C1595500690B6B /* Build configuration list for PBXNativeTarget "MultipleRootView" */ = {
			isa = XCConfigurationList;
			buildConfigurations = (
				5C3EE6EB29C1595500690B6B /* Debug */,
				5C3EE6EC29C1595500690B6B /* Release */,
			);
			defaultConfigurationIsVisible = 0;
			defaultConfigurationName = Release;
		};
		5C3EE6ED29C1595500690B6B /* Build configuration list for PBXNativeTarget "MultipleRootViewTests" */ = {
			isa = XCConfigurationList;
			buildConfigurations = (
				5C3EE6EE29C1595500690B6B /* Debug */,
				5C3EE6EF29C1595500690B6B /* Release */,
			);
			defaultConfigurationIsVisible = 0;
			defaultConfigurationName = Release;
		};
		5C3EE6F029C1595500690B6B /* Build configuration list for PBXNativeTarget "MultipleRootViewUITests" */ = {
			isa = XCConfigurationList;
			buildConfigurations = (
				5C3EE6F129C1595500690B6B /* Debug */,
				5C3EE6F229C1595500690B6B /* Release */,
			);
			defaultConfigurationIsVisible = 0;
			defaultConfigurationName = Release;
		};
/* End XCConfigurationList section */
	};
	rootObject = 5C3EE6B829C1595300690B6B /* Project object */;
}
